
Microsoft Visual Studio Solution File, Format Version 12.00
# Visual Studio Version 16
VisualStudioVersion = 16.0.31424.327
MinimumVisualStudioVersion = 10.0.40219.1
Project("{888888A0-9F3D-457C-B088-3A5042F75D52}") = "NLP", "NLP.pyproj", "{69BD7847-CD4D-4774-82C9-B6E531B78FA2}"
EndProject
Global
	GlobalSection(SolutionConfigurationPlatforms) = preSolution
		Debug|Any CPU = Debug|Any CPU
		Release|Any CPU = Release|Any CPU
	EndGlobalSection
	GlobalSection(ProjectConfigurationPlatforms) = postSolution
		{69BD7847-CD4D-4774-82C9-B6E531B78FA2}.Debug|Any CPU.ActiveCfg = Debug|Any CPU
		{69BD7847-CD4D-4774-82C9-B6E531B78FA2}.Release|Any CPU.ActiveCfg = Release|Any CPU
	EndGlobalSection
	GlobalSection(SolutionProperties) = preSolution
		HideSolutionNode = FALSE
	EndGlobalSection
	GlobalSection(ExtensibilityGlobals) = postSolution
		SolutionGuid = {F8933495-3623-4E76-A5F2-C76A3DE480F3}
	EndGlobalSection
EndGlobal
